
Microsoft Visual Studio Solution File, Format Version 12.00
# Visual Studio 2017
Project("{FAE04EC0-301F-11D3-BF4B-00C04F79EFBC}") = "WisdomProject1", "WisdomProject1.csproj", "{841D0DB9-A22B-9306-2937-0850B1B259AF}"
EndProject
Project("{FAE04EC0-301F-11D3-BF4B-00C04F79EFBC}") = "WisdomProject1.Plugins", "WisdomProject1.Plugins.csproj", "{35A1B2AF-6595-CDD4-C116-FF46D84F72E0}"
EndProject
Global
	GlobalSection(SolutionConfigurationPlatforms) = preSolution
		Debug|Any CPU = Debug|Any CPU
		Release|Any CPU = Release|Any CPU
	EndGlobalSection
	GlobalSection(ProjectConfigurationPlatforms) = postSolution
		{841D0DB9-A22B-9306-2937-0850B1B259AF}.Debug|Any CPU.ActiveCfg = Debug|Any CPU
		{841D0DB9-A22B-9306-2937-0850B1B259AF}.Debug|Any CPU.Build.0 = Debug|Any CPU
		{841D0DB9-A22B-9306-2937-0850B1B259AF}.Release|Any CPU.ActiveCfg = Release|Any CPU
		{841D0DB9-A22B-9306-2937-0850B1B259AF}.Release|Any CPU.Build.0 = Release|Any CPU
		{35A1B2AF-6595-CDD4-C116-FF46D84F72E0}.Debug|Any CPU.ActiveCfg = Debug|Any CPU
		{35A1B2AF-6595-CDD4-C116-FF46D84F72E0}.Debug|Any CPU.Build.0 = Debug|Any CPU
		{35A1B2AF-6595-CDD4-C116-FF46D84F72E0}.Release|Any CPU.ActiveCfg = Release|Any CPU
		{35A1B2AF-6595-CDD4-C116-FF46D84F72E0}.Release|Any CPU.Build.0 = Release|Any CPU
	EndGlobalSection
	GlobalSection(SolutionProperties) = preSolution
		HideSolutionNode = FALSE
	EndGlobalSection
EndGlobal
